
Microsoft Visual Studio Solution File, Format Version 12.00
# Visual Studio Version 17
VisualStudioVersion = 17.7.34009.444
MinimumVisualStudioVersion = 10.0.40219.1
Project("{2150E333-8FDC-42A3-9474-1A3956D46DE8}") = "root", "root", "{14AC9A8E-D9B1-4FA4-8F77-40306D88DE09}"
	ProjectSection(SolutionItems) = preProject
		Directory.Build.props = Directory.Build.props
		Directory.Packages.props = Directory.Packages.props
		README.md = README.md
	EndProjectSection
EndProject
Project("{2150E333-8FDC-42A3-9474-1A3956D46DE8}") = "packages", "packages", "{70F6E47A-A804-41ED-8BDD-A39423B01134}"
EndProject
Project("{2150E333-8FDC-42A3-9474-1A3956D46DE8}") = "examples", "examples", "{6DD4AD9D-C693-4094-A31C-D8665B9BBE8C}"
EndProject
Project("{2150E333-8FDC-42A3-9474-1A3956D46DE8}") = "tests", "tests", "{BC1BDDF3-DA2D-47E2-A728-65D33DE8F4E9}"
EndProject
Project("{9A19103F-16F7-4668-BE54-9A1E7A4F7556}") = "KernelMemory.MemoryStorage.Elasticsearch", "src\KernelMemory.MemoryStorage.Elasticsearch\KernelMemory.MemoryStorage.Elasticsearch.csproj", "{858C47D6-9C72-49FA-B9A2-08B53F00F2D6}"
EndProject
Project("{FAE04EC0-301F-11D3-BF4B-00C04F79EFBC}") = "UnitTests", "tests\UnitTests\UnitTests.csproj", "{BB35287B-504C-498C-927B-9B78D39E7559}"
EndProject
Global
	GlobalSection(SolutionConfigurationPlatforms) = preSolution
		Debug|Any CPU = Debug|Any CPU
		Release|Any CPU = Release|Any CPU
	EndGlobalSection
	GlobalSection(ProjectConfigurationPlatforms) = postSolution
		{858C47D6-9C72-49FA-B9A2-08B53F00F2D6}.Debug|Any CPU.ActiveCfg = Debug|Any CPU
		{858C47D6-9C72-49FA-B9A2-08B53F00F2D6}.Debug|Any CPU.Build.0 = Debug|Any CPU
		{858C47D6-9C72-49FA-B9A2-08B53F00F2D6}.Release|Any CPU.ActiveCfg = Release|Any CPU
		{858C47D6-9C72-49FA-B9A2-08B53F00F2D6}.Release|Any CPU.Build.0 = Release|Any CPU
		{BB35287B-504C-498C-927B-9B78D39E7559}.Debug|Any CPU.ActiveCfg = Debug|Any CPU
		{BB35287B-504C-498C-927B-9B78D39E7559}.Debug|Any CPU.Build.0 = Debug|Any CPU
		{BB35287B-504C-498C-927B-9B78D39E7559}.Release|Any CPU.ActiveCfg = Release|Any CPU
		{BB35287B-504C-498C-927B-9B78D39E7559}.Release|Any CPU.Build.0 = Release|Any CPU
	EndGlobalSection
	GlobalSection(SolutionProperties) = preSolution
		HideSolutionNode = FALSE
	EndGlobalSection
	GlobalSection(NestedProjects) = preSolution
		{858C47D6-9C72-49FA-B9A2-08B53F00F2D6} = {70F6E47A-A804-41ED-8BDD-A39423B01134}
		{BB35287B-504C-498C-927B-9B78D39E7559} = {BC1BDDF3-DA2D-47E2-A728-65D33DE8F4E9}
	EndGlobalSection
	GlobalSection(ExtensibilityGlobals) = postSolution
		SolutionGuid = {B16EA8D3-6860-4C5E-A658-81081EB9DEB2}
	EndGlobalSection
EndGlobal
