
Microsoft Visual Studio Solution File, Format Version 12.00
# Visual Studio Version 17
VisualStudioVersion = 17.9.34310.174
MinimumVisualStudioVersion = 10.0.40219.1
Project("{2150E333-8FDC-42A3-9474-1A3956D46DE8}") = "root", "root", "{6EF76FD8-4C35-4370-8539-5DDF45357A50}"
	ProjectSection(SolutionItems) = preProject
		.editorconfig = .editorconfig
		.gitattributes = .gitattributes
		.gitignore = .gitignore
		code-analysis.props = code-analysis.props
		CODE_OF_CONDUCT.md = CODE_OF_CONDUCT.md
		COMMUNITY.md = COMMUNITY.md
		CONFIGURATION.md = CONFIGURATION.md
		CONTRIBUTING.md = CONTRIBUTING.md
		Directory.Build.props = Directory.Build.props
		Directory.Packages.props = Directory.Packages.props
		icon.png = icon.png
		LICENSE = LICENSE
		nuget-package.props = nuget-package.props
		nuget.config = nuget.config
		NUGET.md = NUGET.md
		README.md = README.md
		SECURITY.md = SECURITY.md
	EndProjectSection
EndProject
Project("{9A19103F-16F7-4668-BE54-9A1E7A4F7556}") = "ElasticsearchMemoryStorage", "ElasticsearchMemoryStorage\ElasticsearchMemoryStorage.csproj", "{239A6E9B-614F-4A17-9DBA-DAB54F89C703}"
EndProject
Project("{9A19103F-16F7-4668-BE54-9A1E7A4F7556}") = "TestApplication", "TestApplication\TestApplication.csproj", "{544885A6-C88E-4AAC-BDD9-FA915F97EA40}"
EndProject
Project("{9A19103F-16F7-4668-BE54-9A1E7A4F7556}") = "UnitTests", "UnitTests\UnitTests.csproj", "{86853500-72BD-45D0-9D57-6E764C2A32D3}"
EndProject
Global
	GlobalSection(SolutionConfigurationPlatforms) = preSolution
		Debug|Any CPU = Debug|Any CPU
		Release|Any CPU = Release|Any CPU
	EndGlobalSection
	GlobalSection(ProjectConfigurationPlatforms) = postSolution
		{239A6E9B-614F-4A17-9DBA-DAB54F89C703}.Debug|Any CPU.ActiveCfg = Debug|Any CPU
		{239A6E9B-614F-4A17-9DBA-DAB54F89C703}.Debug|Any CPU.Build.0 = Debug|Any CPU
		{239A6E9B-614F-4A17-9DBA-DAB54F89C703}.Release|Any CPU.ActiveCfg = Release|Any CPU
		{239A6E9B-614F-4A17-9DBA-DAB54F89C703}.Release|Any CPU.Build.0 = Release|Any CPU
		{544885A6-C88E-4AAC-BDD9-FA915F97EA40}.Debug|Any CPU.ActiveCfg = Debug|Any CPU
		{544885A6-C88E-4AAC-BDD9-FA915F97EA40}.Debug|Any CPU.Build.0 = Debug|Any CPU
		{544885A6-C88E-4AAC-BDD9-FA915F97EA40}.Release|Any CPU.ActiveCfg = Release|Any CPU
		{544885A6-C88E-4AAC-BDD9-FA915F97EA40}.Release|Any CPU.Build.0 = Release|Any CPU
		{86853500-72BD-45D0-9D57-6E764C2A32D3}.Debug|Any CPU.ActiveCfg = Debug|Any CPU
		{86853500-72BD-45D0-9D57-6E764C2A32D3}.Debug|Any CPU.Build.0 = Debug|Any CPU
		{86853500-72BD-45D0-9D57-6E764C2A32D3}.Release|Any CPU.ActiveCfg = Release|Any CPU
		{86853500-72BD-45D0-9D57-6E764C2A32D3}.Release|Any CPU.Build.0 = Release|Any CPU
	EndGlobalSection
	GlobalSection(SolutionProperties) = preSolution
		HideSolutionNode = FALSE
	EndGlobalSection
EndGlobal
